// !$*UTF8*$!
{
	archiveVersion = 1;
	classes = {
	};
	objectVersion = 46;
	objects = {

/* Begin PBXBuildFile section */
		12300CE61AA35BF500CA48DE /* main.m in Sources */ = {isa = PBXBuildFile; fileRef = 12300CE51AA35BF500CA48DE /* main.m */; };
		12300CE91AA35BF500CA48DE /* AppDelegate.m in Sources */ = {isa = PBXBuildFile; fileRef = 12300CE81AA35BF500CA48DE /* AppDelegate.m */; };
		12300CEC1AA35BF500CA48DE /* ViewController.m in Sources */ = {isa = PBXBuildFile; fileRef = 12300CEB1AA35BF500CA48DE /* ViewController.m */; };
		12300CEF1AA35BF500CA48DE /* Main.storyboard in Resources */ = {isa = PBXBuildFile; fileRef = 12300CED1AA35BF500CA48DE /* Main.storyboard */; };
		12300CF11AA35BF500CA48DE /* Images.xcassets in Resources */ = {isa = PBXBuildFile; fileRef = 12300CF01AA35BF500CA48DE /* Images.xcassets */; };
		12300CF41AA35BF500CA48DE /* LaunchScreen.xib in Resources */ = {isa = PBXBuildFile; fileRef = 12300CF21AA35BF500CA48DE /* LaunchScreen.xib */; };
		12300D001AA35BF500CA48DE /* ZimboTests.m in Sources */ = {isa = PBXBuildFile; fileRef = 12300CFF1AA35BF500CA48DE /* ZimboTests.m */; };
/* End PBXBuildFile section */

/* Begin PBXContainerItemProxy section */
		12300CFA1AA35BF500CA48DE /* PBXContainerItemProxy */ = {
			isa = PBXContainerItemProxy;
			containerPortal = 12300CD81AA35BF500CA48DE /* Project object */;
			proxyType = 1;
			remoteGlobalIDString = 12300CDF1AA35BF500CA48DE;
			remoteInfo = Zimbo;
		};
/* End PBXContainerItemProxy section */

/* Begin PBXFileReference section */
		12300CE01AA35BF500CA48DE /* Zimbo.app */ = {isa = PBXFileReference; explicitFileType = wrapper.application; includeInIndex = 0; path = Zimbo.app; sourceTree = BUILT_PRODUCTS_DIR; };
		12300CE41AA35BF500CA48DE /* Info.plist */ = {isa = PBXFileReference; lastKnownFileType = text.plist.xml; path = Info.plist; sourceTree = "<group>"; };
		12300CE51AA35BF500CA48DE /* main.m */ = {isa = PBXFileReference; lastKnownFileType = sourcecode.c.objc; path = main.m; sourceTree = "<group>"; };
		12300CE71AA35BF500CA48DE /* AppDelegate.h */ = {isa = PBXFileReference; lastKnownFileType = sourcecode.c.h; path = AppDelegate.h; sourceTree = "<group>"; };
		12300CE81AA35BF500CA48DE /* AppDelegate.m */ = {isa = PBXFileReference; lastKnownFileType = sourcecode.c.objc; path = AppDelegate.m; sourceTree = "<group>"; };
		12300CEA1AA35BF500CA48DE /* ViewController.h */ = {isa = PBXFileReference; lastKnownFileType = sourcecode.c.h; path = ViewController.h; sourceTree = "<group>"; };
		12300CEB1AA35BF500CA48DE /* ViewController.m */ = {isa = PBXFileReference; lastKnownFileType = sourcecode.c.objc; path = ViewController.m; sourceTree = "<group>"; };
		12300CEE1AA35BF500CA48DE /* Base */ = {isa = PBXFileReference; lastKnownFileType = file.storyboard; name = Base; path = Base.lproj/Main.storyboard; sourceTree = "<group>"; };
		12300CF01AA35BF500CA48DE /* Images.xcassets */ = {isa = PBXFileReference; lastKnownFileType = folder.assetcatalog; path = Images.xcassets; sourceTree = "<group>"; };
		12300CF31AA35BF500CA48DE /* Base */ = {isa = PBXFileReference; lastKnownFileType = file.xib; name = Base; path = Base.lproj/LaunchScreen.xib; sourceTree = "<group>"; };
		12300CF91AA35BF500CA48DE /* ZimboTests.xctest */ = {isa = PBXFileReference; explicitFileType = wrapper.cfbundle; includeInIndex = 0; path = ZimboTests.xctest; sourceTree = BUILT_PRODUCTS_DIR; };
		12300CFE1AA35BF500CA48DE /* Info.plist */ = {isa = PBXFileReference; lastKnownFileType = text.plist.xml; path = Info.plist; sourceTree = "<group>"; };
		12300CFF1AA35BF500CA48DE /* ZimboTests.m */ = {isa = PBXFileReference; lastKnownFileType = sourcecode.c.objc; path = ZimboTests.m; sourceTree = "<group>"; };
/* End PBXFileReference section */

/* Begin PBXFrameworksBuildPhase section */
		12300CDD1AA35BF500CA48DE /* Frameworks */ = {
			isa = PBXFrameworksBuildPhase;
			buildActionMask = 2147483647;
			files = (
			);
			runOnlyForDeploymentPostprocessing = 0;
		};
		12300CF61AA35BF500CA48DE /* Frameworks */ = {
			isa = PBXFrameworksBuildPhase;
			buildActionMask = 2147483647;
			files = (
			);
			runOnlyForDeploymentPostprocessing = 0;
		};
/* End PBXFrameworksBuildPhase section */

/* Begin PBXGroup section */
		12300CD71AA35BF500CA48DE = {
			isa = PBXGroup;
			children = (
				12300CE21AA35BF500CA48DE /* Zimbo */,
				12300CFC1AA35BF500CA48DE /* ZimboTests */,
				12300CE11AA35BF500CA48DE /* Products */,
			);
			sourceTree = "<group>";
		};
		12300CE11AA35BF500CA48DE /* Products */ = {
			isa = PBXGroup;
			children = (
				12300CE01AA35BF500CA48DE /* Zimbo.app */,
				12300CF91AA35BF500CA48DE /* ZimboTests.xctest */,
			);
			name = Products;
			sourceTree = "<group>";
		};
		12300CE21AA35BF500CA48DE /* Zimbo */ = {
			isa = PBXGroup;
			children = (
				12300CE71AA35BF500CA48DE /* AppDelegate.h */,
				12300CE81AA35BF500CA48DE /* AppDelegate.m */,
				12300CEA1AA35BF500CA48DE /* ViewController.h */,
				12300CEB1AA35BF500CA48DE /* ViewController.m */,
				12300CED1AA35BF500CA48DE /* Main.storyboard */,
				12300CF01AA35BF500CA48DE /* Images.xcassets */,
				12300CF21AA35BF500CA48DE /* LaunchScreen.xib */,
				12300CE31AA35BF500CA48DE /* Supporting Files */,
			);
			path = Zimbo;
			sourceTree = "<group>";
		};
		12300CE31AA35BF500CA48DE /* Supporting Files */ = {
			isa = PBXGroup;
			children = (
				12300CE41AA35BF500CA48DE /* Info.plist */,
				12300CE51AA35BF500CA48DE /* main.m */,
			);
			name = "Supporting Files";
			sourceTree = "<group>";
		};
		12300CFC1AA35BF500CA48DE /* ZimboTests */ = {
			isa = PBXGroup;
			children = (
				12300CFF1AA35BF500CA48DE /* ZimboTests.m */,
				12300CFD1AA35BF500CA48DE /* Supporting Files */,
			);
			path = ZimboTests;
			sourceTree = "<group>";
		};
		12300CFD1AA35BF500CA48DE /* Supporting Files */ = {
			isa = PBXGroup;
			children = (
				12300CFE1AA35BF500CA48DE /* Info.plist */,
			);
			name = "Supporting Files";
			sourceTree = "<group>";
		};
/* End PBXGroup section */

/* Begin PBXNativeTarget section */
		12300CDF1AA35BF500CA48DE /* Zimbo */ = {
			isa = PBXNativeTarget;
			buildConfigurationList = 12300D031AA35BF500CA48DE /* Build configuration list for PBXNativeTarget "Zimbo" */;
			buildPhases = (
				12300CDC1AA35BF500CA48DE /* Sources */,
				12300CDD1AA35BF500CA48DE /* Frameworks */,
				12300CDE1AA35BF500CA48DE /* Resources */,
			);
			buildRules = (
			);
			dependencies = (
			);
			name = Zimbo;
			productName = Zimbo;
			productReference = 12300CE01AA35BF500CA48DE /* Zimbo.app */;
			productType = "com.apple.product-type.application";
		};
		12300CF81AA35BF500CA48DE /* ZimboTests */ = {
			isa = PBXNativeTarget;
			buildConfigurationList = 12300D061AA35BF500CA48DE /* Build configuration list for PBXNativeTarget "ZimboTests" */;
			buildPhases = (
				12300CF51AA35BF500CA48DE /* Sources */,
				12300CF61AA35BF500CA48DE /* Frameworks */,
				12300CF71AA35BF500CA48DE /* Resources */,
			);
			buildRules = (
			);
			dependencies = (
				12300CFB1AA35BF500CA48DE /* PBXTargetDependency */,
			);
			name = ZimboTests;
			productName = ZimboTests;
			productReference = 12300CF91AA35BF500CA48DE /* ZimboTests.xctest */;
			productType = "com.apple.product-type.bundle.unit-test";
		};
/* End PBXNativeTarget section */

/* Begin PBXProject section */
		12300CD81AA35BF500CA48DE /* Project object */ = {
			isa = PBXProject;
			attributes = {
				LastUpgradeCheck = 0610;
				ORGANIZATIONNAME = dilekmehel;
				TargetAttributes = {
					12300CDF1AA35BF500CA48DE = {
						CreatedOnToolsVersion = 6.1.1;
					};
					12300CF81AA35BF500CA48DE = {
						CreatedOnToolsVersion = 6.1.1;
						TestTargetID = 12300CDF1AA35BF500CA48DE;
					};
				};
			};
			buildConfigurationList = 12300CDB1AA35BF500CA48DE /* Build configuration list for PBXProject "Zimbo" */;
			compatibilityVersion = "Xcode 3.2";
			developmentRegion = English;
			hasScannedForEncodings = 0;
			knownRegions = (
				en,
				Base,
			);
			mainGroup = 12300CD71AA35BF500CA48DE;
			productRefGroup = 12300CE11AA35BF500CA48DE /* Products */;
			projectDirPath = "";
			projectRoot = "";
			targets = (
				12300CDF1AA35BF500CA48DE /* Zimbo */,
				12300CF81AA35BF500CA48DE /* ZimboTests */,
			);
		};
/* End PBXProject section */

/* Begin PBXResourcesBuildPhase section */
		12300CDE1AA35BF500CA48DE /* Resources */ = {
			isa = PBXResourcesBuildPhase;
			buildActionMask = 2147483647;
			files = (
				12300CEF1AA35BF500CA48DE /* Main.storyboard in Resources */,
				12300CF41AA35BF500CA48DE /* LaunchScreen.xib in Resources */,
				12300CF11AA35BF500CA48DE /* Images.xcassets in Resources */,
			);
			runOnlyForDeploymentPostprocessing = 0;
		};
		12300CF71AA35BF500CA48DE /* Resources */ = {
			isa = PBXResourcesBuildPhase;
			buildActionMask = 2147483647;
			files = (
			);
			runOnlyForDeploymentPostprocessing = 0;
		};
/* End PBXResourcesBuildPhase section */

/* Begin PBXSourcesBuildPhase section */
		12300CDC1AA35BF500CA48DE /* Sources */ = {
			isa = PBXSourcesBuildPhase;
			buildActionMask = 2147483647;
			files = (
				12300CEC1AA35BF500CA48DE /* ViewController.m in Sources */,
				12300CE91AA35BF500CA48DE /* AppDelegate.m in Sources */,
				12300CE61AA35BF500CA48DE /* main.m in Sources */,
			);
			runOnlyForDeploymentPostprocessing = 0;
		};
		12300CF51AA35BF500CA48DE /* Sources */ = {
			isa = PBXSourcesBuildPhase;
			buildActionMask = 2147483647;
			files = (
				12300D001AA35BF500CA48DE /* ZimboTests.m in Sources */,
			);
			runOnlyForDeploymentPostprocessing = 0;
		};
/* End PBXSourcesBuildPhase section */

/* Begin PBXTargetDependency section */
		12300CFB1AA35BF500CA48DE /* PBXTargetDependency */ = {
			isa = PBXTargetDependency;
			target = 12300CDF1AA35BF500CA48DE /* Zimbo */;
			targetProxy = 12300CFA1AA35BF500CA48DE /* PBXContainerItemProxy */;
		};
/* End PBXTargetDependency section */

/* Begin PBXVariantGroup section */
		12300CED1AA35BF500CA48DE /* Main.storyboard */ = {
			isa = PBXVariantGroup;
			children = (
				12300CEE1AA35BF500CA48DE /* Base */,
			);
			name = Main.storyboard;
			sourceTree = "<group>";
		};
		12300CF21AA35BF500CA48DE /* LaunchScreen.xib */ = {
			isa = PBXVariantGroup;
			children = (
				12300CF31AA35BF500CA48DE /* Base */,
			);
			name = LaunchScreen.xib;
			sourceTree = "<group>";
		};
/* End PBXVariantGroup section */

/* Begin XCBuildConfiguration section */
		12300D011AA35BF500CA48DE /* Debug */ = {
			isa = XCBuildConfiguration;
			buildSettings = {
				ALWAYS_SEARCH_USER_PATHS = NO;
				CLANG_CXX_LANGUAGE_STANDARD = "gnu++0x";
				CLANG_CXX_LIBRARY = "libc++";
				CLANG_ENABLE_MODULES = YES;
				CLANG_ENABLE_OBJC_ARC = YES;
				CLANG_WARN_BOOL_CONVERSION = YES;
				CLANG_WARN_CONSTANT_CONVERSION = YES;
				CLANG_WARN_DIRECT_OBJC_ISA_USAGE = YES_ERROR;
				CLANG_WARN_EMPTY_BODY = YES;
				CLANG_WARN_ENUM_CONVERSION = YES;
				CLANG_WARN_INT_CONVERSION = YES;
				CLANG_WARN_OBJC_ROOT_CLASS = YES_ERROR;
				CLANG_WARN_UNREACHABLE_CODE = YES;
				CLANG_WARN__DUPLICATE_METHOD_MATCH = YES;
				"CODE_SIGN_IDENTITY[sdk=iphoneos*]" = "iPhone Developer";
				COPY_PHASE_STRIP = NO;
				ENABLE_STRICT_OBJC_MSGSEND = YES;
				GCC_C_LANGUAGE_STANDARD = gnu99;
				GCC_DYNAMIC_NO_PIC = NO;
				GCC_OPTIMIZATION_LEVEL = 0;
				GCC_PREPROCESSOR_DEFINITIONS = (
					"DEBUG=1",
					"$(inherited)",
				);
				GCC_SYMBOLS_PRIVATE_EXTERN = NO;
				GCC_WARN_64_TO_32_BIT_CONVERSION = YES;
				GCC_WARN_ABOUT_RETURN_TYPE = YES_ERROR;
				GCC_WARN_UNDECLARED_SELECTOR = YES;
				GCC_WARN_UNINITIALIZED_AUTOS = YES_AGGRESSIVE;
				GCC_WARN_UNUSED_FUNCTION = YES;
				GCC_WARN_UNUSED_VARIABLE = YES;
				IPHONEOS_DEPLOYMENT_TARGET = 8.1;
				MTL_ENABLE_DEBUG_INFO = YES;
				ONLY_ACTIVE_ARCH = YES;
				SDKROOT = iphoneos;
			};
			name = Debug;
		};
		12300D021AA35BF500CA48DE /* Release */ = {
			isa = XCBuildConfiguration;
			buildSettings = {
				ALWAYS_SEARCH_USER_PATHS = NO;
				CLANG_CXX_LANGUAGE_STANDARD = "gnu++0x";
				CLANG_CXX_LIBRARY = "libc++";
				CLANG_ENABLE_MODULES = YES;
				CLANG_ENABLE_OBJC_ARC = YES;
				CLANG_WARN_BOOL_CONVERSION = YES;
				CLANG_WARN_CONSTANT_CONVERSION = YES;
				CLANG_WARN_DIRECT_OBJC_ISA_USAGE = YES_ERROR;
				CLANG_WARN_EMPTY_BODY = YES;
				CLANG_WARN_ENUM_CONVERSION = YES;
				CLANG_WARN_INT_CONVERSION = YES;
				CLANG_WARN_OBJC_ROOT_CLASS = YES_ERROR;
				CLANG_WARN_UNREACHABLE_CODE = YES;
				CLANG_WARN__DUPLICATE_METHOD_MATCH = YES;
				"CODE_SIGN_IDENTITY[sdk=iphoneos*]" = "iPhone Developer";
				COPY_PHASE_STRIP = YES;
				ENABLE_NS_ASSERTIONS = NO;
				ENABLE_STRICT_OBJC_MSGSEND = YES;
				GCC_C_LANGUAGE_STANDARD = gnu99;
				GCC_WARN_64_TO_32_BIT_CONVERSION = YES;
				GCC_WARN_ABOUT_RETURN_TYPE = YES_ERROR;
				GCC_WARN_UNDECLARED_SELECTOR = YES;
				GCC_WARN_UNINITIALIZED_AUTOS = YES_AGGRESSIVE;
				GCC_WARN_UNUSED_FUNCTION = YES;
				GCC_WARN_UNUSED_VARIABLE = YES;
				IPHONEOS_DEPLOYMENT_TARGET = 8.1;
				MTL_ENABLE_DEBUG_INFO = NO;
				SDKROOT = iphoneos;
				VALIDATE_PRODUCT = YES;
			};
			name = Release;
		};
		12300D041AA35BF500CA48DE /* Debug */ = {
			isa = XCBuildConfiguration;
			buildSettings = {
				ASSETCATALOG_COMPILER_APPICON_NAME = AppIcon;
				INFOPLIST_FILE = Zimbo/Info.plist;
				LD_RUNPATH_SEARCH_PATHS = "$(inherited) @executable_path/Frameworks";
				PRODUCT_NAME = "$(TARGET_NAME)";
			};
			name = Debug;
		};
		12300D051AA35BF500CA48DE /* Release */ = {
			isa = XCBuildConfiguration;
			buildSettings = {
				ASSETCATALOG_COMPILER_APPICON_NAME = AppIcon;
				INFOPLIST_FILE = Zimbo/Info.plist;
				LD_RUNPATH_SEARCH_PATHS = "$(inherited) @executable_path/Frameworks";
				PRODUCT_NAME = "$(TARGET_NAME)";
			};
			name = Release;
		};
		12300D071AA35BF500CA48DE /* Debug */ = {
			isa = XCBuildConfiguration;
			buildSettings = {
				BUNDLE_LOADER = "$(TEST_HOST)";
				FRAMEWORK_SEARCH_PATHS = (
					"$(SDKROOT)/Developer/Library/Frameworks",
					"$(inherited)",
				);
				GCC_PREPROCESSOR_DEFINITIONS = (
					"DEBUG=1",
					"$(inherited)",
				);
				INFOPLIST_FILE = ZimboTests/Info.plist;
				LD_RUNPATH_SEARCH_PATHS = "$(inherited) @executable_path/Frameworks @loader_path/Frameworks";
				PRODUCT_NAME = "$(TARGET_NAME)";
				TEST_HOST = "$(BUILT_PRODUCTS_DIR)/Zimbo.app/Zimbo";
			};
			name = Debug;
		};
		12300D081AA35BF500CA48DE /* Release */ = {
			isa = XCBuildConfiguration;
			buildSettings = {
				BUNDLE_LOADER = "$(TEST_HOST)";
				FRAMEWORK_SEARCH_PATHS = (
					"$(SDKROOT)/Developer/Library/Frameworks",
					"$(inherited)",
				);
				INFOPLIST_FILE = ZimboTests/Info.plist;
				LD_RUNPATH_SEARCH_PATHS = "$(inherited) @executable_path/Frameworks @loader_path/Frameworks";
				PRODUCT_NAME = "$(TARGET_NAME)";
				TEST_HOST = "$(BUILT_PRODUCTS_DIR)/Zimbo.app/Zimbo";
			};
			name = Release;
		};
/* End XCBuildConfiguration section */

/* Begin XCConfigurationList section */
		12300CDB1AA35BF500CA48DE /* Build configuration list for PBXProject "Zimbo" */ = {
			isa = XCConfigurationList;
			buildConfigurations = (
				12300D011AA35BF500CA48DE /* Debug */,
				12300D021AA35BF500CA48DE /* Release */,
			);
			defaultConfigurationIsVisible = 0;
			defaultConfigurationName = Release;
		};
		12300D031AA35BF500CA48DE /* Build configuration list for PBXNativeTarget "Zimbo" */ = {
			isa = XCConfigurationList;
			buildConfigurations = (
				12300D041AA35BF500CA48DE /* Debug */,
				12300D051AA35BF500CA48DE /* Release */,
			);
			defaultConfigurationIsVisible = 0;
		};
		12300D061AA35BF500CA48DE /* Build configuration list for PBXNativeTarget "ZimboTests" */ = {
			isa = XCConfigurationList;
			buildConfigurations = (
				12300D071AA35BF500CA48DE /* Debug */,
				12300D081AA35BF500CA48DE /* Release */,
			);
			defaultConfigurationIsVisible = 0;
		};
/* End XCConfigurationList section */
	};
	rootObject = 12300CD81AA35BF500CA48DE /* Project object */;
}
